
Microsoft Visual Studio Solution File, Format Version 12.00
# Visual Studio Version 17
VisualStudioVersion = 17.0.31903.59
MinimumVisualStudioVersion = 10.0.40219.1
Project("{FAE04EC0-301F-11D3-BF4B-00C04F79EFBC}") = "ApiGateway", "ApiGateway\ApiGateway.csproj", "{417C8761-D381-45C3-9D3B-9FBC261AA73C}"
EndProject
Project("{FAE04EC0-301F-11D3-BF4B-00C04F79EFBC}") = "ProductsApi", "ProductsApi\ProductsApi.csproj", "{E9394480-CF48-4054-A980-B2F51CF5D04F}"
EndProject
Project("{FAE04EC0-301F-11D3-BF4B-00C04F79EFBC}") = "OrdersApi", "OrdersApi\OrdersApi.csproj", "{F9736EE1-A5B7-4C84-A090-CAF4586BD64A}"
EndProject
Global
	GlobalSection(SolutionConfigurationPlatforms) = preSolution
		Debug|Any CPU = Debug|Any CPU
		Release|Any CPU = Release|Any CPU
	EndGlobalSection
	GlobalSection(SolutionProperties) = preSolution
		HideSolutionNode = FALSE
	EndGlobalSection
	GlobalSection(ProjectConfigurationPlatforms) = postSolution
		{417C8761-D381-45C3-9D3B-9FBC261AA73C}.Debug|Any CPU.ActiveCfg = Debug|Any CPU
		{417C8761-D381-45C3-9D3B-9FBC261AA73C}.Debug|Any CPU.Build.0 = Debug|Any CPU
		{417C8761-D381-45C3-9D3B-9FBC261AA73C}.Release|Any CPU.ActiveCfg = Release|Any CPU
		{417C8761-D381-45C3-9D3B-9FBC261AA73C}.Release|Any CPU.Build.0 = Release|Any CPU
		{E9394480-CF48-4054-A980-B2F51CF5D04F}.Debug|Any CPU.ActiveCfg = Debug|Any CPU
		{E9394480-CF48-4054-A980-B2F51CF5D04F}.Debug|Any CPU.Build.0 = Debug|Any CPU
		{E9394480-CF48-4054-A980-B2F51CF5D04F}.Release|Any CPU.ActiveCfg = Release|Any CPU
		{E9394480-CF48-4054-A980-B2F51CF5D04F}.Release|Any CPU.Build.0 = Release|Any CPU
		{F9736EE1-A5B7-4C84-A090-CAF4586BD64A}.Debug|Any CPU.ActiveCfg = Debug|Any CPU
		{F9736EE1-A5B7-4C84-A090-CAF4586BD64A}.Debug|Any CPU.Build.0 = Debug|Any CPU
		{F9736EE1-A5B7-4C84-A090-CAF4586BD64A}.Release|Any CPU.ActiveCfg = Release|Any CPU
		{F9736EE1-A5B7-4C84-A090-CAF4586BD64A}.Release|Any CPU.Build.0 = Release|Any CPU
	EndGlobalSection
EndGlobal
